
Microsoft Visual Studio Solution File, Format Version 12.00
# Visual Studio Version 17
VisualStudioVersion = 17.0.32112.339
MinimumVisualStudioVersion = 10.0.40219.1
Project("{FAE04EC0-301F-11D3-BF4B-00C04F79EFBC}") = "Examen_2_JorgeLagos", "Examen_2_JorgeLagos\Examen_2_JorgeLagos.csproj", "{9A07F1B3-5FC8-4383-9E3A-7D5E0EAE2460}"
EndProject
Project("{FAE04EC0-301F-11D3-BF4B-00C04F79EFBC}") = "Datos", "Datos\Datos.csproj", "{DB1A9544-93B1-4D59-908B-D8F4A5D3FF24}"
EndProject
Global
	GlobalSection(SolutionConfigurationPlatforms) = preSolution
		Debug|Any CPU = Debug|Any CPU
		Release|Any CPU = Release|Any CPU
	EndGlobalSection
	GlobalSection(ProjectConfigurationPlatforms) = postSolution
		{9A07F1B3-5FC8-4383-9E3A-7D5E0EAE2460}.Debug|Any CPU.ActiveCfg = Debug|Any CPU
		{9A07F1B3-5FC8-4383-9E3A-7D5E0EAE2460}.Debug|Any CPU.Build.0 = Debug|Any CPU
		{9A07F1B3-5FC8-4383-9E3A-7D5E0EAE2460}.Release|Any CPU.ActiveCfg = Release|Any CPU
		{9A07F1B3-5FC8-4383-9E3A-7D5E0EAE2460}.Release|Any CPU.Build.0 = Release|Any CPU
		{DB1A9544-93B1-4D59-908B-D8F4A5D3FF24}.Debug|Any CPU.ActiveCfg = Debug|Any CPU
		{DB1A9544-93B1-4D59-908B-D8F4A5D3FF24}.Debug|Any CPU.Build.0 = Debug|Any CPU
		{DB1A9544-93B1-4D59-908B-D8F4A5D3FF24}.Release|Any CPU.ActiveCfg = Release|Any CPU
		{DB1A9544-93B1-4D59-908B-D8F4A5D3FF24}.Release|Any CPU.Build.0 = Release|Any CPU
	EndGlobalSection
	GlobalSection(SolutionProperties) = preSolution
		HideSolutionNode = FALSE
	EndGlobalSection
	GlobalSection(ExtensibilityGlobals) = postSolution
		SolutionGuid = {9C1BB48E-03CD-4922-A264-DB16BC59035A}
	EndGlobalSection
EndGlobal
